
Microsoft Visual Studio Solution File, Format Version 12.00
# Visual Studio Version 17
VisualStudioVersion = 17.3.32819.101
MinimumVisualStudioVersion = 10.0.40219.1
Project("{9A19103F-16F7-4668-BE54-9A1E7A4F7556}") = "MPFastDevLibrary.Core", "MPFastDevLibrary.Core\MPFastDevLibrary.Core.csproj", "{583BF944-5D36-4F0E-A639-A626ED2E4D70}"
EndProject
Project("{9A19103F-16F7-4668-BE54-9A1E7A4F7556}") = "ConsoleAppTest", "ConsoleAppTest\ConsoleAppTest.csproj", "{BD0D19E3-C9F8-4D22-9B17-4DA5D321ECCE}"
EndProject
Project("{2150E333-8FDC-42A3-9474-1A3956D46DE8}") = "Test", "Test", "{F91A0770-4A3F-4D9A-9F5A-B9EC28701286}"
EndProject
Project("{9A19103F-16F7-4668-BE54-9A1E7A4F7556}") = "MPFastDevLibrary.Mvvm", "MPFastDevLibrary.Mvvm\MPFastDevLibrary.Mvvm.csproj", "{3A748DF0-D4C9-492D-8BD0-78CCD8062508}"
EndProject
Project("{9A19103F-16F7-4668-BE54-9A1E7A4F7556}") = "MPFastDevLibrary.Core.Tests", "MPFastDevLibrary.Core.Tests\MPFastDevLibrary.Core.Tests.csproj", "{4DBED885-5AD7-4EAE-B9F7-050E278EEFE7}"
EndProject
Project("{2150E333-8FDC-42A3-9474-1A3956D46DE8}") = "解决方案项", "解决方案项", "{4D6D40B0-D036-4FF9-8656-C52FCD7AF3E2}"
	ProjectSection(SolutionItems) = preProject
		README.md = README.md
	EndProjectSection
EndProject
Project("{9A19103F-16F7-4668-BE54-9A1E7A4F7556}") = "ConsoleAppTest2", "ConsoleAppTest2\ConsoleAppTest2.csproj", "{13B7BF84-AB51-443D-859F-6502225B6DFE}"
EndProject
Global
	GlobalSection(SolutionConfigurationPlatforms) = preSolution
		Debug|Any CPU = Debug|Any CPU
		Release|Any CPU = Release|Any CPU
	EndGlobalSection
	GlobalSection(ProjectConfigurationPlatforms) = postSolution
		{583BF944-5D36-4F0E-A639-A626ED2E4D70}.Debug|Any CPU.ActiveCfg = Debug|Any CPU
		{583BF944-5D36-4F0E-A639-A626ED2E4D70}.Debug|Any CPU.Build.0 = Debug|Any CPU
		{583BF944-5D36-4F0E-A639-A626ED2E4D70}.Release|Any CPU.ActiveCfg = Release|Any CPU
		{583BF944-5D36-4F0E-A639-A626ED2E4D70}.Release|Any CPU.Build.0 = Release|Any CPU
		{BD0D19E3-C9F8-4D22-9B17-4DA5D321ECCE}.Debug|Any CPU.ActiveCfg = Debug|Any CPU
		{BD0D19E3-C9F8-4D22-9B17-4DA5D321ECCE}.Debug|Any CPU.Build.0 = Debug|Any CPU
		{BD0D19E3-C9F8-4D22-9B17-4DA5D321ECCE}.Release|Any CPU.ActiveCfg = Release|Any CPU
		{BD0D19E3-C9F8-4D22-9B17-4DA5D321ECCE}.Release|Any CPU.Build.0 = Release|Any CPU
		{3A748DF0-D4C9-492D-8BD0-78CCD8062508}.Debug|Any CPU.ActiveCfg = Debug|Any CPU
		{3A748DF0-D4C9-492D-8BD0-78CCD8062508}.Debug|Any CPU.Build.0 = Debug|Any CPU
		{3A748DF0-D4C9-492D-8BD0-78CCD8062508}.Release|Any CPU.ActiveCfg = Release|Any CPU
		{3A748DF0-D4C9-492D-8BD0-78CCD8062508}.Release|Any CPU.Build.0 = Release|Any CPU
		{4DBED885-5AD7-4EAE-B9F7-050E278EEFE7}.Debug|Any CPU.ActiveCfg = Debug|Any CPU
		{4DBED885-5AD7-4EAE-B9F7-050E278EEFE7}.Debug|Any CPU.Build.0 = Debug|Any CPU
		{4DBED885-5AD7-4EAE-B9F7-050E278EEFE7}.Release|Any CPU.ActiveCfg = Release|Any CPU
		{4DBED885-5AD7-4EAE-B9F7-050E278EEFE7}.Release|Any CPU.Build.0 = Release|Any CPU
		{13B7BF84-AB51-443D-859F-6502225B6DFE}.Debug|Any CPU.ActiveCfg = Debug|Any CPU
		{13B7BF84-AB51-443D-859F-6502225B6DFE}.Debug|Any CPU.Build.0 = Debug|Any CPU
		{13B7BF84-AB51-443D-859F-6502225B6DFE}.Release|Any CPU.ActiveCfg = Release|Any CPU
		{13B7BF84-AB51-443D-859F-6502225B6DFE}.Release|Any CPU.Build.0 = Release|Any CPU
	EndGlobalSection
	GlobalSection(SolutionProperties) = preSolution
		HideSolutionNode = FALSE
	EndGlobalSection
	GlobalSection(NestedProjects) = preSolution
		{BD0D19E3-C9F8-4D22-9B17-4DA5D321ECCE} = {F91A0770-4A3F-4D9A-9F5A-B9EC28701286}
		{13B7BF84-AB51-443D-859F-6502225B6DFE} = {F91A0770-4A3F-4D9A-9F5A-B9EC28701286}
	EndGlobalSection
	GlobalSection(ExtensibilityGlobals) = postSolution
		SolutionGuid = {83BCD9F2-7C5C-446A-A795-89250BBB21CC}
	EndGlobalSection
EndGlobal
