
Microsoft Visual Studio Solution File, Format Version 12.00
# Visual Studio Version 16
VisualStudioVersion = 16.0.32002.261
MinimumVisualStudioVersion = 10.0.40219.1
Project("{FAE04EC0-301F-11D3-BF4B-00C04F79EFBC}") = "MPServiceContract", "MPServiceContract\MPServiceContract.csproj", "{6C020035-904F-4E6C-BFBE-5FDBB33A003A}"
EndProject
Project("{FAE04EC0-301F-11D3-BF4B-00C04F79EFBC}") = "MPServiceController", "MPServiceController\MPServiceController.csproj", "{62712862-7804-4AD6-BECC-E039F21877C9}"
EndProject
Global
	GlobalSection(SolutionConfigurationPlatforms) = preSolution
		Debug|Any CPU = Debug|Any CPU
		Release|Any CPU = Release|Any CPU
	EndGlobalSection
	GlobalSection(ProjectConfigurationPlatforms) = postSolution
		{6C020035-904F-4E6C-BFBE-5FDBB33A003A}.Debug|Any CPU.ActiveCfg = Debug|Any CPU
		{6C020035-904F-4E6C-BFBE-5FDBB33A003A}.Debug|Any CPU.Build.0 = Debug|Any CPU
		{6C020035-904F-4E6C-BFBE-5FDBB33A003A}.Release|Any CPU.ActiveCfg = Release|Any CPU
		{6C020035-904F-4E6C-BFBE-5FDBB33A003A}.Release|Any CPU.Build.0 = Release|Any CPU
		{62712862-7804-4AD6-BECC-E039F21877C9}.Debug|Any CPU.ActiveCfg = Debug|Any CPU
		{62712862-7804-4AD6-BECC-E039F21877C9}.Debug|Any CPU.Build.0 = Debug|Any CPU
		{62712862-7804-4AD6-BECC-E039F21877C9}.Release|Any CPU.ActiveCfg = Release|Any CPU
		{62712862-7804-4AD6-BECC-E039F21877C9}.Release|Any CPU.Build.0 = Release|Any CPU
	EndGlobalSection
	GlobalSection(SolutionProperties) = preSolution
		HideSolutionNode = FALSE
	EndGlobalSection
	GlobalSection(ExtensibilityGlobals) = postSolution
		SolutionGuid = {83BCD9F2-7C5C-446A-A795-89250BBB21CC}
	EndGlobalSection
EndGlobal
